
Microsoft Visual Studio Solution File, Format Version 12.00
# Visual Studio Version 17
VisualStudioVersion = 17.10.34707.107
MinimumVisualStudioVersion = 10.0.40219.1
Project("{FAE04EC0-301F-11D3-BF4B-00C04F79EFBC}") = "AngularApp1.Server", "AngularApp1.Server\AngularApp1.Server.csproj", "{6E0BE430-0084-437F-86FA-FE8383FEFF4C}"
EndProject
Project("{54A90642-561A-4BB1-A94E-469ADEE60C69}") = "angularapp1.client", "angularapp1.client\angularapp1.client.esproj", "{36193326-9665-4213-B7C1-C219A6EE00E4}"
EndProject
Global
	GlobalSection(SolutionConfigurationPlatforms) = preSolution
		Debug|Any CPU = Debug|Any CPU
		Release|Any CPU = Release|Any CPU
	EndGlobalSection
	GlobalSection(ProjectConfigurationPlatforms) = postSolution
		{6E0BE430-0084-437F-86FA-FE8383FEFF4C}.Debug|Any CPU.ActiveCfg = Debug|Any CPU
		{6E0BE430-0084-437F-86FA-FE8383FEFF4C}.Debug|Any CPU.Build.0 = Debug|Any CPU
		{6E0BE430-0084-437F-86FA-FE8383FEFF4C}.Release|Any CPU.ActiveCfg = Release|Any CPU
		{6E0BE430-0084-437F-86FA-FE8383FEFF4C}.Release|Any CPU.Build.0 = Release|Any CPU
		{36193326-9665-4213-B7C1-C219A6EE00E4}.Debug|Any CPU.ActiveCfg = Debug|Any CPU
		{36193326-9665-4213-B7C1-C219A6EE00E4}.Debug|Any CPU.Build.0 = Debug|Any CPU
		{36193326-9665-4213-B7C1-C219A6EE00E4}.Debug|Any CPU.Deploy.0 = Debug|Any CPU
		{36193326-9665-4213-B7C1-C219A6EE00E4}.Release|Any CPU.ActiveCfg = Release|Any CPU
		{36193326-9665-4213-B7C1-C219A6EE00E4}.Release|Any CPU.Build.0 = Release|Any CPU
		{36193326-9665-4213-B7C1-C219A6EE00E4}.Release|Any CPU.Deploy.0 = Release|Any CPU
	EndGlobalSection
	GlobalSection(SolutionProperties) = preSolution
		HideSolutionNode = FALSE
	EndGlobalSection
	GlobalSection(ExtensibilityGlobals) = postSolution
		SolutionGuid = {97FBEBE6-9F8B-4054-B193-B9B70F105FA5}
	EndGlobalSection
EndGlobal
